
Microsoft Visual Studio Solution File, Format Version 12.00
# Visual Studio Version 16
VisualStudioVersion = 16.0.29911.84
MinimumVisualStudioVersion = 10.0.40219.1
Project("{FAE04EC0-301F-11D3-BF4B-00C04F79EFBC}") = "Models", "Models\Models.csproj", "{6E805A8A-FBFA-4432-87C8-4D54AB9D8B9F}"
EndProject
Project("{FAE04EC0-301F-11D3-BF4B-00C04F79EFBC}") = "ServiceLayer", "ServiceLayer\ServiceLayer.csproj", "{0260A7BF-2F15-4C87-AF28-EC6911E70E9E}"
EndProject
Project("{FAE04EC0-301F-11D3-BF4B-00C04F79EFBC}") = "DAL", "DAL\DAL.csproj", "{F820D594-2A98-4270-AC73-EFA1B0777CD4}"
EndProject
Project("{FAE04EC0-301F-11D3-BF4B-00C04F79EFBC}") = "FileManager", "FileManager\FileManager.csproj", "{5DFF7948-83C4-41D0-BF22-E82780133E7C}"
EndProject
Project("{FAE04EC0-301F-11D3-BF4B-00C04F79EFBC}") = "ConfigManager", "ConfigManager\ConfigManager.csproj", "{B39088F2-106B-42F2-9319-02382A81149E}"
EndProject
Project("{FAE04EC0-301F-11D3-BF4B-00C04F79EFBC}") = "DataManager", "DataManager\DataManager.csproj", "{413E1F2A-80EC-4294-9262-CC7281C2C7DA}"
EndProject
Global
	GlobalSection(SolutionConfigurationPlatforms) = preSolution
		Debug|Any CPU = Debug|Any CPU
		Release|Any CPU = Release|Any CPU
	EndGlobalSection
	GlobalSection(ProjectConfigurationPlatforms) = postSolution
		{6E805A8A-FBFA-4432-87C8-4D54AB9D8B9F}.Debug|Any CPU.ActiveCfg = Debug|Any CPU
		{6E805A8A-FBFA-4432-87C8-4D54AB9D8B9F}.Debug|Any CPU.Build.0 = Debug|Any CPU
		{6E805A8A-FBFA-4432-87C8-4D54AB9D8B9F}.Release|Any CPU.ActiveCfg = Release|Any CPU
		{6E805A8A-FBFA-4432-87C8-4D54AB9D8B9F}.Release|Any CPU.Build.0 = Release|Any CPU
		{0260A7BF-2F15-4C87-AF28-EC6911E70E9E}.Debug|Any CPU.ActiveCfg = Debug|Any CPU
		{0260A7BF-2F15-4C87-AF28-EC6911E70E9E}.Debug|Any CPU.Build.0 = Debug|Any CPU
		{0260A7BF-2F15-4C87-AF28-EC6911E70E9E}.Release|Any CPU.ActiveCfg = Release|Any CPU
		{0260A7BF-2F15-4C87-AF28-EC6911E70E9E}.Release|Any CPU.Build.0 = Release|Any CPU
		{F820D594-2A98-4270-AC73-EFA1B0777CD4}.Debug|Any CPU.ActiveCfg = Debug|Any CPU
		{F820D594-2A98-4270-AC73-EFA1B0777CD4}.Debug|Any CPU.Build.0 = Debug|Any CPU
		{F820D594-2A98-4270-AC73-EFA1B0777CD4}.Release|Any CPU.ActiveCfg = Release|Any CPU
		{F820D594-2A98-4270-AC73-EFA1B0777CD4}.Release|Any CPU.Build.0 = Release|Any CPU
		{5DFF7948-83C4-41D0-BF22-E82780133E7C}.Debug|Any CPU.ActiveCfg = Debug|Any CPU
		{5DFF7948-83C4-41D0-BF22-E82780133E7C}.Debug|Any CPU.Build.0 = Debug|Any CPU
		{5DFF7948-83C4-41D0-BF22-E82780133E7C}.Release|Any CPU.ActiveCfg = Release|Any CPU
		{5DFF7948-83C4-41D0-BF22-E82780133E7C}.Release|Any CPU.Build.0 = Release|Any CPU
		{B39088F2-106B-42F2-9319-02382A81149E}.Debug|Any CPU.ActiveCfg = Debug|Any CPU
		{B39088F2-106B-42F2-9319-02382A81149E}.Debug|Any CPU.Build.0 = Debug|Any CPU
		{B39088F2-106B-42F2-9319-02382A81149E}.Release|Any CPU.ActiveCfg = Release|Any CPU
		{B39088F2-106B-42F2-9319-02382A81149E}.Release|Any CPU.Build.0 = Release|Any CPU
		{413E1F2A-80EC-4294-9262-CC7281C2C7DA}.Debug|Any CPU.ActiveCfg = Debug|Any CPU
		{413E1F2A-80EC-4294-9262-CC7281C2C7DA}.Debug|Any CPU.Build.0 = Debug|Any CPU
		{413E1F2A-80EC-4294-9262-CC7281C2C7DA}.Release|Any CPU.ActiveCfg = Release|Any CPU
		{413E1F2A-80EC-4294-9262-CC7281C2C7DA}.Release|Any CPU.Build.0 = Release|Any CPU
	EndGlobalSection
	GlobalSection(SolutionProperties) = preSolution
		HideSolutionNode = FALSE
	EndGlobalSection
	GlobalSection(ExtensibilityGlobals) = postSolution
		SolutionGuid = {83868DA7-BD32-4F58-8B3B-40ECCE083F6D}
	EndGlobalSection
EndGlobal
