
Microsoft Visual Studio Solution File, Format Version 12.00
# Visual Studio Version 16
VisualStudioVersion = 16.0.29911.84
MinimumVisualStudioVersion = 10.0.40219.1
Project("{FAE04EC0-301F-11D3-BF4B-00C04F79EFBC}") = "ETL", "WindowsService1\ETL.csproj", "{C420E9B8-2452-4328-96EA-DFD1B081D33D}"
EndProject
Global
	GlobalSection(SolutionConfigurationPlatforms) = preSolution
		Debug|Any CPU = Debug|Any CPU
		Release|Any CPU = Release|Any CPU
	EndGlobalSection
	GlobalSection(ProjectConfigurationPlatforms) = postSolution
		{C420E9B8-2452-4328-96EA-DFD1B081D33D}.Debug|Any CPU.ActiveCfg = Debug|Any CPU
		{C420E9B8-2452-4328-96EA-DFD1B081D33D}.Debug|Any CPU.Build.0 = Debug|Any CPU
		{C420E9B8-2452-4328-96EA-DFD1B081D33D}.Release|Any CPU.ActiveCfg = Release|Any CPU
		{C420E9B8-2452-4328-96EA-DFD1B081D33D}.Release|Any CPU.Build.0 = Release|Any CPU
	EndGlobalSection
	GlobalSection(SolutionProperties) = preSolution
		HideSolutionNode = FALSE
	EndGlobalSection
	GlobalSection(ExtensibilityGlobals) = postSolution
		SolutionGuid = {19671D2C-50C8-4D8D-A736-F56A5C497AF2}
	EndGlobalSection
EndGlobal
